// !$*UTF8*$!
{
	archiveVersion = 1;
	classes = {
	};
	objectVersion = 51;
	objects = {

/* Begin PBXBuildFile section */
		76CB56B2952106EDB4A30074 /* Pods_20_NewsReader.framework in Frameworks */ = {isa = PBXBuildFile; fileRef = 0EDFEE1B904756BC660909B5 /* Pods_20_NewsReader.framework */; };
		B8A2CCFA22F5D7D8009ACB04 /* AppDelegate.swift in Sources */ = {isa = PBXBuildFile; fileRef = B8A2CCF922F5D7D8009ACB04 /* AppDelegate.swift */; };
		B8A2CCFC22F5D7D8009ACB04 /* NewsTableViewController.swift in Sources */ = {isa = PBXBuildFile; fileRef = B8A2CCFB22F5D7D8009ACB04 /* NewsTableViewController.swift */; };
		B8A2CCFF22F5D7D8009ACB04 /* Main.storyboard in Resources */ = {isa = PBXBuildFile; fileRef = B8A2CCFD22F5D7D8009ACB04 /* Main.storyboard */; };
		B8A2CD0122F5D7D9009ACB04 /* Assets.xcassets in Resources */ = {isa = PBXBuildFile; fileRef = B8A2CD0022F5D7D9009ACB04 /* Assets.xcassets */; };
		B8A2CD0422F5D7D9009ACB04 /* LaunchScreen.storyboard in Resources */ = {isa = PBXBuildFile; fileRef = B8A2CD0222F5D7D9009ACB04 /* LaunchScreen.storyboard */; };
		B8A2CD0F22F5DF3E009ACB04 /* NewsCell.swift in Sources */ = {isa = PBXBuildFile; fileRef = B8A2CD0E22F5DF3E009ACB04 /* NewsCell.swift */; };
		B8A2CD1122F5F570009ACB04 /* WebViewController.swift in Sources */ = {isa = PBXBuildFile; fileRef = B8A2CD1022F5F570009ACB04 /* WebViewController.swift */; };
		B8A2CD1322F5F691009ACB04 /* WebKit.framework in Frameworks */ = {isa = PBXBuildFile; fileRef = B8A2CD1222F5F691009ACB04 /* WebKit.framework */; };
		B8D564FE22F67E1700802320 /* BookmarkTableViewController.swift in Sources */ = {isa = PBXBuildFile; fileRef = B8D564FD22F67E1700802320 /* BookmarkTableViewController.swift */; };
		B8D5650022F67E3100802320 /* BookmarkCell.swift in Sources */ = {isa = PBXBuildFile; fileRef = B8D564FF22F67E3100802320 /* BookmarkCell.swift */; };
		B8D5650222F6853000802320 /* News.swift in Sources */ = {isa = PBXBuildFile; fileRef = B8D5650122F6853000802320 /* News.swift */; };
/* End PBXBuildFile section */

/* Begin PBXFileReference section */
		0EDFEE1B904756BC660909B5 /* Pods_20_NewsReader.framework */ = {isa = PBXFileReference; explicitFileType = wrapper.framework; includeInIndex = 0; path = Pods_20_NewsReader.framework; sourceTree = BUILT_PRODUCTS_DIR; };
		A06D0F6A92448285861D74B3 /* Pods-20_NewsReader.debug.xcconfig */ = {isa = PBXFileReference; includeInIndex = 1; lastKnownFileType = text.xcconfig; name = "Pods-20_NewsReader.debug.xcconfig"; path = "Target Support Files/Pods-20_NewsReader/Pods-20_NewsReader.debug.xcconfig"; sourceTree = "<group>"; };
		B8A2CCF622F5D7D8009ACB04 /* 20_NewsReader.app */ = {isa = PBXFileReference; explicitFileType = wrapper.application; includeInIndex = 0; path = 20_NewsReader.app; sourceTree = BUILT_PRODUCTS_DIR; };
		B8A2CCF922F5D7D8009ACB04 /* AppDelegate.swift */ = {isa = PBXFileReference; lastKnownFileType = sourcecode.swift; path = AppDelegate.swift; sourceTree = "<group>"; };
		B8A2CCFB22F5D7D8009ACB04 /* NewsTableViewController.swift */ = {isa = PBXFileReference; lastKnownFileType = sourcecode.swift; path = NewsTableViewController.swift; sourceTree = "<group>"; };
		B8A2CCFE22F5D7D8009ACB04 /* Base */ = {isa = PBXFileReference; lastKnownFileType = file.storyboard; name = Base; path = Base.lproj/Main.storyboard; sourceTree = "<group>"; };
		B8A2CD0022F5D7D9009ACB04 /* Assets.xcassets */ = {isa = PBXFileReference; lastKnownFileType = folder.assetcatalog; path = Assets.xcassets; sourceTree = "<group>"; };
		B8A2CD0322F5D7D9009ACB04 /* Base */ = {isa = PBXFileReference; lastKnownFileType = file.storyboard; name = Base; path = Base.lproj/LaunchScreen.storyboard; sourceTree = "<group>"; };
		B8A2CD0522F5D7D9009ACB04 /* Info.plist */ = {isa = PBXFileReference; lastKnownFileType = text.plist.xml; path = Info.plist; sourceTree = "<group>"; };
		B8A2CD0E22F5DF3E009ACB04 /* NewsCell.swift */ = {isa = PBXFileReference; lastKnownFileType = sourcecode.swift; path = NewsCell.swift; sourceTree = "<group>"; };
		B8A2CD1022F5F570009ACB04 /* WebViewController.swift */ = {isa = PBXFileReference; lastKnownFileType = sourcecode.swift; path = WebViewController.swift; sourceTree = "<group>"; };
		B8A2CD1222F5F691009ACB04 /* WebKit.framework */ = {isa = PBXFileReference; lastKnownFileType = wrapper.framework; name = WebKit.framework; path = System/Library/Frameworks/WebKit.framework; sourceTree = SDKROOT; };
		B8D564FD22F67E1700802320 /* BookmarkTableViewController.swift */ = {isa = PBXFileReference; lastKnownFileType = sourcecode.swift; path = BookmarkTableViewController.swift; sourceTree = "<group>"; };
		B8D564FF22F67E3100802320 /* BookmarkCell.swift */ = {isa = PBXFileReference; lastKnownFileType = sourcecode.swift; path = BookmarkCell.swift; sourceTree = "<group>"; };
		B8D5650122F6853000802320 /* News.swift */ = {isa = PBXFileReference; lastKnownFileType = sourcecode.swift; path = News.swift; sourceTree = "<group>"; };
		CFA5B377F451B8D46E3A2173 /* Pods-20_NewsReader.release.xcconfig */ = {isa = PBXFileReference; includeInIndex = 1; lastKnownFileType = text.xcconfig; name = "Pods-20_NewsReader.release.xcconfig"; path = "Target Support Files/Pods-20_NewsReader/Pods-20_NewsReader.release.xcconfig"; sourceTree = "<group>"; };
/* End PBXFileReference section */

/* Begin PBXFrameworksBuildPhase section */
		B8A2CCF322F5D7D8009ACB04 /* Frameworks */ = {
			isa = PBXFrameworksBuildPhase;
			buildActionMask = 2147483647;
			files = (
				B8A2CD1322F5F691009ACB04 /* WebKit.framework in Frameworks */,
				76CB56B2952106EDB4A30074 /* Pods_20_NewsReader.framework in Frameworks */,
			);
			runOnlyForDeploymentPostprocessing = 0;
		};
/* End PBXFrameworksBuildPhase section */

/* Begin PBXGroup section */
		B8A2CCED22F5D7D8009ACB04 = {
			isa = PBXGroup;
			children = (
				B8A2CCF822F5D7D8009ACB04 /* 20_NewsReader */,
				B8A2CCF722F5D7D8009ACB04 /* Products */,
				EF2DB8E714F0E8D306F62D76 /* Pods */,
				FDF4A1AC78BADCE8B1D3FCC8 /* Frameworks */,
			);
			sourceTree = "<group>";
		};
		B8A2CCF722F5D7D8009ACB04 /* Products */ = {
			isa = PBXGroup;
			children = (
				B8A2CCF622F5D7D8009ACB04 /* 20_NewsReader.app */,
			);
			name = Products;
			sourceTree = "<group>";
		};
		B8A2CCF822F5D7D8009ACB04 /* 20_NewsReader */ = {
			isa = PBXGroup;
			children = (
				B8A2CD0D22F5D7F1009ACB04 /* Controller */,
				B8A2CD0C22F5D7ED009ACB04 /* View */,
				B8A2CD0B22F5D7E9009ACB04 /* Model */,
				B8A2CCF922F5D7D8009ACB04 /* AppDelegate.swift */,
				B8A2CD0022F5D7D9009ACB04 /* Assets.xcassets */,
				B8A2CD0222F5D7D9009ACB04 /* LaunchScreen.storyboard */,
				B8A2CD0522F5D7D9009ACB04 /* Info.plist */,
			);
			path = 20_NewsReader;
			sourceTree = "<group>";
		};
		B8A2CD0B22F5D7E9009ACB04 /* Model */ = {
			isa = PBXGroup;
			children = (
				B8A2CD0E22F5DF3E009ACB04 /* NewsCell.swift */,
				B8D564FF22F67E3100802320 /* BookmarkCell.swift */,
				B8D5650122F6853000802320 /* News.swift */,
			);
			path = Model;
			sourceTree = "<group>";
		};
		B8A2CD0C22F5D7ED009ACB04 /* View */ = {
			isa = PBXGroup;
			children = (
				B8A2CCFD22F5D7D8009ACB04 /* Main.storyboard */,
			);
			path = View;
			sourceTree = "<group>";
		};
		B8A2CD0D22F5D7F1009ACB04 /* Controller */ = {
			isa = PBXGroup;
			children = (
				B8A2CCFB22F5D7D8009ACB04 /* NewsTableViewController.swift */,
				B8A2CD1022F5F570009ACB04 /* WebViewController.swift */,
				B8D564FD22F67E1700802320 /* BookmarkTableViewController.swift */,
			);
			path = Controller;
			sourceTree = "<group>";
		};
		EF2DB8E714F0E8D306F62D76 /* Pods */ = {
			isa = PBXGroup;
			children = (
				A06D0F6A92448285861D74B3 /* Pods-20_NewsReader.debug.xcconfig */,
				CFA5B377F451B8D46E3A2173 /* Pods-20_NewsReader.release.xcconfig */,
			);
			path = Pods;
			sourceTree = "<group>";
		};
		FDF4A1AC78BADCE8B1D3FCC8 /* Frameworks */ = {
			isa = PBXGroup;
			children = (
				B8A2CD1222F5F691009ACB04 /* WebKit.framework */,
				0EDFEE1B904756BC660909B5 /* Pods_20_NewsReader.framework */,
			);
			name = Frameworks;
			sourceTree = "<group>";
		};
/* End PBXGroup section */

/* Begin PBXNativeTarget section */
		B8A2CCF522F5D7D8009ACB04 /* 20_NewsReader */ = {
			isa = PBXNativeTarget;
			buildConfigurationList = B8A2CD0822F5D7D9009ACB04 /* Build configuration list for PBXNativeTarget "20_NewsReader" */;
			buildPhases = (
				7EAB5994E6A15FFEEAE72460 /* [CP] Check Pods Manifest.lock */,
				B8A2CCF222F5D7D8009ACB04 /* Sources */,
				B8A2CCF322F5D7D8009ACB04 /* Frameworks */,
				B8A2CCF422F5D7D8009ACB04 /* Resources */,
				9094EC08C7FC4A3ABAFA7384 /* [CP] Embed Pods Frameworks */,
			);
			buildRules = (
			);
			dependencies = (
			);
			name = 20_NewsReader;
			productName = 20_NewsReader;
			productReference = B8A2CCF622F5D7D8009ACB04 /* 20_NewsReader.app */;
			productType = "com.apple.product-type.application";
		};
/* End PBXNativeTarget section */

/* Begin PBXProject section */
		B8A2CCEE22F5D7D8009ACB04 /* Project object */ = {
			isa = PBXProject;
			attributes = {
				LastSwiftUpdateCheck = 1030;
				LastUpgradeCheck = 1030;
				ORGANIZATIONNAME = Odjichrissy;
				TargetAttributes = {
					B8A2CCF522F5D7D8009ACB04 = {
						CreatedOnToolsVersion = 10.3;
					};
				};
			};
			buildConfigurationList = B8A2CCF122F5D7D8009ACB04 /* Build configuration list for PBXProject "20_NewsReader" */;
			compatibilityVersion = "Xcode 9.3";
			developmentRegion = en;
			hasScannedForEncodings = 0;
			knownRegions = (
				en,
				Base,
			);
			mainGroup = B8A2CCED22F5D7D8009ACB04;
			productRefGroup = B8A2CCF722F5D7D8009ACB04 /* Products */;
			projectDirPath = "";
			projectRoot = "";
			targets = (
				B8A2CCF522F5D7D8009ACB04 /* 20_NewsReader */,
			);
		};
/* End PBXProject section */

/* Begin PBXResourcesBuildPhase section */
		B8A2CCF422F5D7D8009ACB04 /* Resources */ = {
			isa = PBXResourcesBuildPhase;
			buildActionMask = 2147483647;
			files = (
				B8A2CD0422F5D7D9009ACB04 /* LaunchScreen.storyboard in Resources */,
				B8A2CD0122F5D7D9009ACB04 /* Assets.xcassets in Resources */,
				B8A2CCFF22F5D7D8009ACB04 /* Main.storyboard in Resources */,
			);
			runOnlyForDeploymentPostprocessing = 0;
		};
/* End PBXResourcesBuildPhase section */

/* Begin PBXShellScriptBuildPhase section */
		7EAB5994E6A15FFEEAE72460 /* [CP] Check Pods Manifest.lock */ = {
			isa = PBXShellScriptBuildPhase;
			buildActionMask = 2147483647;
			files = (
			);
			inputFileListPaths = (
			);
			inputPaths = (
				"${PODS_PODFILE_DIR_PATH}/Podfile.lock",
				"${PODS_ROOT}/Manifest.lock",
			);
			name = "[CP] Check Pods Manifest.lock";
			outputFileListPaths = (
			);
			outputPaths = (
				"$(DERIVED_FILE_DIR)/Pods-20_NewsReader-checkManifestLockResult.txt",
			);
			runOnlyForDeploymentPostprocessing = 0;
			shellPath = /bin/sh;
			shellScript = "diff \"${PODS_PODFILE_DIR_PATH}/Podfile.lock\" \"${PODS_ROOT}/Manifest.lock\" > /dev/null\nif [ $? != 0 ] ; then\n    # print error to STDERR\n    echo \"error: The sandbox is not in sync with the Podfile.lock. Run 'pod install' or update your CocoaPods installation.\" >&2\n    exit 1\nfi\n# This output is used by Xcode 'outputs' to avoid re-running this script phase.\necho \"SUCCESS\" > \"${SCRIPT_OUTPUT_FILE_0}\"\n";
			showEnvVarsInLog = 0;
		};
		9094EC08C7FC4A3ABAFA7384 /* [CP] Embed Pods Frameworks */ = {
			isa = PBXShellScriptBuildPhase;
			buildActionMask = 2147483647;
			files = (
			);
			inputFileListPaths = (
				"${PODS_ROOT}/Target Support Files/Pods-20_NewsReader/Pods-20_NewsReader-frameworks-${CONFIGURATION}-input-files.xcfilelist",
			);
			name = "[CP] Embed Pods Frameworks";
			outputFileListPaths = (
				"${PODS_ROOT}/Target Support Files/Pods-20_NewsReader/Pods-20_NewsReader-frameworks-${CONFIGURATION}-output-files.xcfilelist",
			);
			runOnlyForDeploymentPostprocessing = 0;
			shellPath = /bin/sh;
			shellScript = "\"${PODS_ROOT}/Target Support Files/Pods-20_NewsReader/Pods-20_NewsReader-frameworks.sh\"\n";
			showEnvVarsInLog = 0;
		};
/* End PBXShellScriptBuildPhase section */

/* Begin PBXSourcesBuildPhase section */
		B8A2CCF222F5D7D8009ACB04 /* Sources */ = {
			isa = PBXSourcesBuildPhase;
			buildActionMask = 2147483647;
			files = (
				B8A2CCFC22F5D7D8009ACB04 /* NewsTableViewController.swift in Sources */,
				B8A2CD0F22F5DF3E009ACB04 /* NewsCell.swift in Sources */,
				B8D564FE22F67E1700802320 /* BookmarkTableViewController.swift in Sources */,
				B8A2CCFA22F5D7D8009ACB04 /* AppDelegate.swift in Sources */,
				B8D5650222F6853000802320 /* News.swift in Sources */,
				B8A2CD1122F5F570009ACB04 /* WebViewController.swift in Sources */,
				B8D5650022F67E3100802320 /* BookmarkCell.swift in Sources */,
			);
			runOnlyForDeploymentPostprocessing = 0;
		};
/* End PBXSourcesBuildPhase section */

/* Begin PBXVariantGroup section */
		B8A2CCFD22F5D7D8009ACB04 /* Main.storyboard */ = {
			isa = PBXVariantGroup;
			children = (
				B8A2CCFE22F5D7D8009ACB04 /* Base */,
			);
			name = Main.storyboard;
			sourceTree = "<group>";
		};
		B8A2CD0222F5D7D9009ACB04 /* LaunchScreen.storyboard */ = {
			isa = PBXVariantGroup;
			children = (
				B8A2CD0322F5D7D9009ACB04 /* Base */,
			);
			name = LaunchScreen.storyboard;
			sourceTree = "<group>";
		};
/* End PBXVariantGroup section */

/* Begin XCBuildConfiguration section */
		B8A2CD0622F5D7D9009ACB04 /* Debug */ = {
			isa = XCBuildConfiguration;
			buildSettings = {
				ALWAYS_SEARCH_USER_PATHS = NO;
				CLANG_ANALYZER_NONNULL = YES;
				CLANG_ANALYZER_NUMBER_OBJECT_CONVERSION = YES_AGGRESSIVE;
				CLANG_CXX_LANGUAGE_STANDARD = "gnu++14";
				CLANG_CXX_LIBRARY = "libc++";
				CLANG_ENABLE_MODULES = YES;
				CLANG_ENABLE_OBJC_ARC = YES;
				CLANG_ENABLE_OBJC_WEAK = YES;
				CLANG_WARN_BLOCK_CAPTURE_AUTORELEASING = YES;
				CLANG_WARN_BOOL_CONVERSION = YES;
				CLANG_WARN_COMMA = YES;
				CLANG_WARN_CONSTANT_CONVERSION = YES;
				CLANG_WARN_DEPRECATED_OBJC_IMPLEMENTATIONS = YES;
				CLANG_WARN_DIRECT_OBJC_ISA_USAGE = YES_ERROR;
				CLANG_WARN_DOCUMENTATION_COMMENTS = YES;
				CLANG_WARN_EMPTY_BODY = YES;
				CLANG_WARN_ENUM_CONVERSION = YES;
				CLANG_WARN_INFINITE_RECURSION = YES;
				CLANG_WARN_INT_CONVERSION = YES;
				CLANG_WARN_NON_LITERAL_NULL_CONVERSION = YES;
				CLANG_WARN_OBJC_IMPLICIT_RETAIN_SELF = YES;
				CLANG_WARN_OBJC_LITERAL_CONVERSION = YES;
				CLANG_WARN_OBJC_ROOT_CLASS = YES_ERROR;
				CLANG_WARN_RANGE_LOOP_ANALYSIS = YES;
				CLANG_WARN_STRICT_PROTOTYPES = YES;
				CLANG_WARN_SUSPICIOUS_MOVE = YES;
				CLANG_WARN_UNGUARDED_AVAILABILITY = YES_AGGRESSIVE;
				CLANG_WARN_UNREACHABLE_CODE = YES;
				CLANG_WARN__DUPLICATE_METHOD_MATCH = YES;
				CODE_SIGN_IDENTITY = "iPhone Developer";
				COPY_PHASE_STRIP = NO;
				DEBUG_INFORMATION_FORMAT = dwarf;
				ENABLE_STRICT_OBJC_MSGSEND = YES;
				ENABLE_TESTABILITY = YES;
				GCC_C_LANGUAGE_STANDARD = gnu11;
				GCC_DYNAMIC_NO_PIC = NO;
				GCC_NO_COMMON_BLOCKS = YES;
				GCC_OPTIMIZATION_LEVEL = 0;
				GCC_PREPROCESSOR_DEFINITIONS = (
					"DEBUG=1",
					"$(inherited)",
				);
				GCC_WARN_64_TO_32_BIT_CONVERSION = YES;
				GCC_WARN_ABOUT_RETURN_TYPE = YES_ERROR;
				GCC_WARN_UNDECLARED_SELECTOR = YES;
				GCC_WARN_UNINITIALIZED_AUTOS = YES_AGGRESSIVE;
				GCC_WARN_UNUSED_FUNCTION = YES;
				GCC_WARN_UNUSED_VARIABLE = YES;
				IPHONEOS_DEPLOYMENT_TARGET = 12.4;
				MTL_ENABLE_DEBUG_INFO = INCLUDE_SOURCE;
				MTL_FAST_MATH = YES;
				ONLY_ACTIVE_ARCH = YES;
				SDKROOT = iphoneos;
				SWIFT_ACTIVE_COMPILATION_CONDITIONS = DEBUG;
				SWIFT_OPTIMIZATION_LEVEL = "-Onone";
			};
			name = Debug;
		};
		B8A2CD0722F5D7D9009ACB04 /* Release */ = {
			isa = XCBuildConfiguration;
			buildSettings = {
				ALWAYS_SEARCH_USER_PATHS = NO;
				CLANG_ANALYZER_NONNULL = YES;
				CLANG_ANALYZER_NUMBER_OBJECT_CONVERSION = YES_AGGRESSIVE;
				CLANG_CXX_LANGUAGE_STANDARD = "gnu++14";
				CLANG_CXX_LIBRARY = "libc++";
				CLANG_ENABLE_MODULES = YES;
				CLANG_ENABLE_OBJC_ARC = YES;
				CLANG_ENABLE_OBJC_WEAK = YES;
				CLANG_WARN_BLOCK_CAPTURE_AUTORELEASING = YES;
				CLANG_WARN_BOOL_CONVERSION = YES;
				CLANG_WARN_COMMA = YES;
				CLANG_WARN_CONSTANT_CONVERSION = YES;
				CLANG_WARN_DEPRECATED_OBJC_IMPLEMENTATIONS = YES;
				CLANG_WARN_DIRECT_OBJC_ISA_USAGE = YES_ERROR;
				CLANG_WARN_DOCUMENTATION_COMMENTS = YES;
				CLANG_WARN_EMPTY_BODY = YES;
				CLANG_WARN_ENUM_CONVERSION = YES;
				CLANG_WARN_INFINITE_RECURSION = YES;
				CLANG_WARN_INT_CONVERSION = YES;
				CLANG_WARN_NON_LITERAL_NULL_CONVERSION = YES;
				CLANG_WARN_OBJC_IMPLICIT_RETAIN_SELF = YES;
				CLANG_WARN_OBJC_LITERAL_CONVERSION = YES;
				CLANG_WARN_OBJC_ROOT_CLASS = YES_ERROR;
				CLANG_WARN_RANGE_LOOP_ANALYSIS = YES;
				CLANG_WARN_STRICT_PROTOTYPES = YES;
				CLANG_WARN_SUSPICIOUS_MOVE = YES;
				CLANG_WARN_UNGUARDED_AVAILABILITY = YES_AGGRESSIVE;
				CLANG_WARN_UNREACHABLE_CODE = YES;
				CLANG_WARN__DUPLICATE_METHOD_MATCH = YES;
				CODE_SIGN_IDENTITY = "iPhone Developer";
				COPY_PHASE_STRIP = NO;
				DEBUG_INFORMATION_FORMAT = "dwarf-with-dsym";
				ENABLE_NS_ASSERTIONS = NO;
				ENABLE_STRICT_OBJC_MSGSEND = YES;
				GCC_C_LANGUAGE_STANDARD = gnu11;
				GCC_NO_COMMON_BLOCKS = YES;
				GCC_WARN_64_TO_32_BIT_CONVERSION = YES;
				GCC_WARN_ABOUT_RETURN_TYPE = YES_ERROR;
				GCC_WARN_UNDECLARED_SELECTOR = YES;
				GCC_WARN_UNINITIALIZED_AUTOS = YES_AGGRESSIVE;
				GCC_WARN_UNUSED_FUNCTION = YES;
				GCC_WARN_UNUSED_VARIABLE = YES;
				IPHONEOS_DEPLOYMENT_TARGET = 12.4;
				MTL_ENABLE_DEBUG_INFO = NO;
				MTL_FAST_MATH = YES;
				SDKROOT = iphoneos;
				SWIFT_COMPILATION_MODE = wholemodule;
				SWIFT_OPTIMIZATION_LEVEL = "-O";
				VALIDATE_PRODUCT = YES;
			};
			name = Release;
		};
		B8A2CD0922F5D7D9009ACB04 /* Debug */ = {
			isa = XCBuildConfiguration;
			baseConfigurationReference = A06D0F6A92448285861D74B3 /* Pods-20_NewsReader.debug.xcconfig */;
			buildSettings = {
				ASSETCATALOG_COMPILER_APPICON_NAME = AppIcon;
				CODE_SIGN_STYLE = Automatic;
				INFOPLIST_FILE = 20_NewsReader/Info.plist;
				LD_RUNPATH_SEARCH_PATHS = (
					"$(inherited)",
					"@executable_path/Frameworks",
				);
				PRODUCT_BUNDLE_IDENTIFIER = "com.odjichrissy.-0-NewsReader";
				PRODUCT_NAME = "$(TARGET_NAME)";
				SWIFT_VERSION = 5.0;
				TARGETED_DEVICE_FAMILY = 1;
			};
			name = Debug;
		};
		B8A2CD0A22F5D7D9009ACB04 /* Release */ = {
			isa = XCBuildConfiguration;
			baseConfigurationReference = CFA5B377F451B8D46E3A2173 /* Pods-20_NewsReader.release.xcconfig */;
			buildSettings = {
				ASSETCATALOG_COMPILER_APPICON_NAME = AppIcon;
				CODE_SIGN_STYLE = Automatic;
				INFOPLIST_FILE = 20_NewsReader/Info.plist;
				LD_RUNPATH_SEARCH_PATHS = (
					"$(inherited)",
					"@executable_path/Frameworks",
				);
				PRODUCT_BUNDLE_IDENTIFIER = "com.odjichrissy.-0-NewsReader";
				PRODUCT_NAME = "$(TARGET_NAME)";
				SWIFT_VERSION = 5.0;
				TARGETED_DEVICE_FAMILY = 1;
			};
			name = Release;
		};
/* End XCBuildConfiguration section */

/* Begin XCConfigurationList section */
		B8A2CCF122F5D7D8009ACB04 /* Build configuration list for PBXProject "20_NewsReader" */ = {
			isa = XCConfigurationList;
			buildConfigurations = (
				B8A2CD0622F5D7D9009ACB04 /* Debug */,
				B8A2CD0722F5D7D9009ACB04 /* Release */,
			);
			defaultConfigurationIsVisible = 0;
			defaultConfigurationName = Release;
		};
		B8A2CD0822F5D7D9009ACB04 /* Build configuration list for PBXNativeTarget "20_NewsReader" */ = {
			isa = XCConfigurationList;
			buildConfigurations = (
				B8A2CD0922F5D7D9009ACB04 /* Debug */,
				B8A2CD0A22F5D7D9009ACB04 /* Release */,
			);
			defaultConfigurationIsVisible = 0;
			defaultConfigurationName = Release;
		};
/* End XCConfigurationList section */
	};
	rootObject = B8A2CCEE22F5D7D8009ACB04 /* Project object */;
}
